
Microsoft Visual Studio Solution File, Format Version 12.00
# Visual Studio Version 16
VisualStudioVersion = 16.0.29519.87
MinimumVisualStudioVersion = 10.0.40219.1
Project("{9A19103F-16F7-4668-BE54-9A1E7A4F7556}") = "Opdracht1", "Opdracht1\Opdracht1.csproj", "{F231FFBA-0FFA-45E4-8447-69725F8FC42B}"
EndProject
Global
	GlobalSection(SolutionConfigurationPlatforms) = preSolution
		Debug|Any CPU = Debug|Any CPU
		Release|Any CPU = Release|Any CPU
	EndGlobalSection
	GlobalSection(ProjectConfigurationPlatforms) = postSolution
		{F231FFBA-0FFA-45E4-8447-69725F8FC42B}.Debug|Any CPU.ActiveCfg = Debug|Any CPU
		{F231FFBA-0FFA-45E4-8447-69725F8FC42B}.Debug|Any CPU.Build.0 = Debug|Any CPU
		{F231FFBA-0FFA-45E4-8447-69725F8FC42B}.Release|Any CPU.ActiveCfg = Release|Any CPU
		{F231FFBA-0FFA-45E4-8447-69725F8FC42B}.Release|Any CPU.Build.0 = Release|Any CPU
	EndGlobalSection
	GlobalSection(SolutionProperties) = preSolution
		HideSolutionNode = FALSE
	EndGlobalSection
	GlobalSection(ExtensibilityGlobals) = postSolution
		SolutionGuid = {DED79619-E268-4F8D-B297-7F3ECFA909F0}
	EndGlobalSection
EndGlobal
